
Microsoft Visual Studio Solution File, Format Version 12.00
# Visual Studio 15
VisualStudioVersion = 15.0.26730.15
MinimumVisualStudioVersion = 10.0.40219.1
Project("{8BC9CEB8-8B4A-11D0-8D11-00A0C91BC942}") = "PerFinance", "PerFinance\PerFinance.vcxproj", "{BEAF8CEA-9CCB-4566-81C8-04ADD531AF1C}"
EndProject
Global
	GlobalSection(SolutionConfigurationPlatforms) = preSolution
		Debug|x64 = Debug|x64
		Debug|x86 = Debug|x86
		Release|x64 = Release|x64
		Release|x86 = Release|x86
	EndGlobalSection
	GlobalSection(ProjectConfigurationPlatforms) = postSolution
		{BEAF8CEA-9CCB-4566-81C8-04ADD531AF1C}.Debug|x64.ActiveCfg = Debug|x64
		{BEAF8CEA-9CCB-4566-81C8-04ADD531AF1C}.Debug|x64.Build.0 = Debug|x64
		{BEAF8CEA-9CCB-4566-81C8-04ADD531AF1C}.Debug|x86.ActiveCfg = Debug|Win32
		{BEAF8CEA-9CCB-4566-81C8-04ADD531AF1C}.Debug|x86.Build.0 = Debug|Win32
		{BEAF8CEA-9CCB-4566-81C8-04ADD531AF1C}.Release|x64.ActiveCfg = Release|x64
		{BEAF8CEA-9CCB-4566-81C8-04ADD531AF1C}.Release|x64.Build.0 = Release|x64
		{BEAF8CEA-9CCB-4566-81C8-04ADD531AF1C}.Release|x86.ActiveCfg = Release|Win32
		{BEAF8CEA-9CCB-4566-81C8-04ADD531AF1C}.Release|x86.Build.0 = Release|Win32
	EndGlobalSection
	GlobalSection(SolutionProperties) = preSolution
		HideSolutionNode = FALSE
	EndGlobalSection
	GlobalSection(ExtensibilityGlobals) = postSolution
		SolutionGuid = {41B6B8A7-955A-49C1-BB81-7F60D408ED5C}
	EndGlobalSection
EndGlobal
